// !$*UTF8*$!
{
	archiveVersion = 1;
	classes = {
	};
	objectVersion = 50;
	objects = {

/* Begin PBXBuildFile section */
		87B58DE721FD69CE0053E26F /* AppDelegate.swift in Sources */ = {isa = PBXBuildFile; fileRef = 87B58DE621FD69CE0053E26F /* AppDelegate.swift */; };
		87B58DE921FD69CE0053E26F /* ViewController.swift in Sources */ = {isa = PBXBuildFile; fileRef = 87B58DE821FD69CE0053E26F /* ViewController.swift */; };
		87B58DEC21FD69CE0053E26F /* Main.storyboard in Resources */ = {isa = PBXBuildFile; fileRef = 87B58DEA21FD69CE0053E26F /* Main.storyboard */; };
		87B58DEE21FD69CF0053E26F /* Assets.xcassets in Resources */ = {isa = PBXBuildFile; fileRef = 87B58DED21FD69CF0053E26F /* Assets.xcassets */; };
		87B58DF121FD69CF0053E26F /* LaunchScreen.storyboard in Resources */ = {isa = PBXBuildFile; fileRef = 87B58DEF21FD69CF0053E26F /* LaunchScreen.storyboard */; };
		87B58DFC21FD69CF0053E26F /* lifecounterTests.swift in Sources */ = {isa = PBXBuildFile; fileRef = 87B58DFB21FD69CF0053E26F /* lifecounterTests.swift */; };
		87B58E0721FD69CF0053E26F /* lifecounterUITests.swift in Sources */ = {isa = PBXBuildFile; fileRef = 87B58E0621FD69CF0053E26F /* lifecounterUITests.swift */; };
/* End PBXBuildFile section */

/* Begin PBXContainerItemProxy section */
		87B58DF821FD69CF0053E26F /* PBXContainerItemProxy */ = {
			isa = PBXContainerItemProxy;
			containerPortal = 87B58DDB21FD69CE0053E26F /* Project object */;
			proxyType = 1;
			remoteGlobalIDString = 87B58DE221FD69CE0053E26F;
			remoteInfo = lifecounter;
		};
		87B58E0321FD69CF0053E26F /* PBXContainerItemProxy */ = {
			isa = PBXContainerItemProxy;
			containerPortal = 87B58DDB21FD69CE0053E26F /* Project object */;
			proxyType = 1;
			remoteGlobalIDString = 87B58DE221FD69CE0053E26F;
			remoteInfo = lifecounter;
		};
/* End PBXContainerItemProxy section */

/* Begin PBXFileReference section */
		87B58DE321FD69CE0053E26F /* lifecounter.app */ = {isa = PBXFileReference; explicitFileType = wrapper.application; includeInIndex = 0; path = lifecounter.app; sourceTree = BUILT_PRODUCTS_DIR; };
		87B58DE621FD69CE0053E26F /* AppDelegate.swift */ = {isa = PBXFileReference; lastKnownFileType = sourcecode.swift; path = AppDelegate.swift; sourceTree = "<group>"; };
		87B58DE821FD69CE0053E26F /* ViewController.swift */ = {isa = PBXFileReference; lastKnownFileType = sourcecode.swift; path = ViewController.swift; sourceTree = "<group>"; };
		87B58DEB21FD69CE0053E26F /* Base */ = {isa = PBXFileReference; lastKnownFileType = file.storyboard; name = Base; path = Base.lproj/Main.storyboard; sourceTree = "<group>"; };
		87B58DED21FD69CF0053E26F /* Assets.xcassets */ = {isa = PBXFileReference; lastKnownFileType = folder.assetcatalog; path = Assets.xcassets; sourceTree = "<group>"; };
		87B58DF021FD69CF0053E26F /* Base */ = {isa = PBXFileReference; lastKnownFileType = file.storyboard; name = Base; path = Base.lproj/LaunchScreen.storyboard; sourceTree = "<group>"; };
		87B58DF221FD69CF0053E26F /* Info.plist */ = {isa = PBXFileReference; lastKnownFileType = text.plist.xml; path = Info.plist; sourceTree = "<group>"; };
		87B58DF721FD69CF0053E26F /* lifecounterTests.xctest */ = {isa = PBXFileReference; explicitFileType = wrapper.cfbundle; includeInIndex = 0; path = lifecounterTests.xctest; sourceTree = BUILT_PRODUCTS_DIR; };
		87B58DFB21FD69CF0053E26F /* lifecounterTests.swift */ = {isa = PBXFileReference; lastKnownFileType = sourcecode.swift; path = lifecounterTests.swift; sourceTree = "<group>"; };
		87B58DFD21FD69CF0053E26F /* Info.plist */ = {isa = PBXFileReference; lastKnownFileType = text.plist.xml; path = Info.plist; sourceTree = "<group>"; };
		87B58E0221FD69CF0053E26F /* lifecounterUITests.xctest */ = {isa = PBXFileReference; explicitFileType = wrapper.cfbundle; includeInIndex = 0; path = lifecounterUITests.xctest; sourceTree = BUILT_PRODUCTS_DIR; };
		87B58E0621FD69CF0053E26F /* lifecounterUITests.swift */ = {isa = PBXFileReference; lastKnownFileType = sourcecode.swift; path = lifecounterUITests.swift; sourceTree = "<group>"; };
		87B58E0821FD69CF0053E26F /* Info.plist */ = {isa = PBXFileReference; lastKnownFileType = text.plist.xml; path = Info.plist; sourceTree = "<group>"; };
/* End PBXFileReference section */

/* Begin PBXFrameworksBuildPhase section */
		87B58DE021FD69CE0053E26F /* Frameworks */ = {
			isa = PBXFrameworksBuildPhase;
			buildActionMask = 2147483647;
			files = (
			);
			runOnlyForDeploymentPostprocessing = 0;
		};
		87B58DF421FD69CF0053E26F /* Frameworks */ = {
			isa = PBXFrameworksBuildPhase;
			buildActionMask = 2147483647;
			files = (
			);
			runOnlyForDeploymentPostprocessing = 0;
		};
		87B58DFF21FD69CF0053E26F /* Frameworks */ = {
			isa = PBXFrameworksBuildPhase;
			buildActionMask = 2147483647;
			files = (
			);
			runOnlyForDeploymentPostprocessing = 0;
		};
/* End PBXFrameworksBuildPhase section */

/* Begin PBXGroup section */
		87B58DDA21FD69CE0053E26F = {
			isa = PBXGroup;
			children = (
				87B58DE521FD69CE0053E26F /* lifecounter */,
				87B58DFA21FD69CF0053E26F /* lifecounterTests */,
				87B58E0521FD69CF0053E26F /* lifecounterUITests */,
				87B58DE421FD69CE0053E26F /* Products */,
			);
			sourceTree = "<group>";
		};
		87B58DE421FD69CE0053E26F /* Products */ = {
			isa = PBXGroup;
			children = (
				87B58DE321FD69CE0053E26F /* lifecounter.app */,
				87B58DF721FD69CF0053E26F /* lifecounterTests.xctest */,
				87B58E0221FD69CF0053E26F /* lifecounterUITests.xctest */,
			);
			name = Products;
			sourceTree = "<group>";
		};
		87B58DE521FD69CE0053E26F /* lifecounter */ = {
			isa = PBXGroup;
			children = (
				87B58DE621FD69CE0053E26F /* AppDelegate.swift */,
				87B58DE821FD69CE0053E26F /* ViewController.swift */,
				87B58DEA21FD69CE0053E26F /* Main.storyboard */,
				87B58DED21FD69CF0053E26F /* Assets.xcassets */,
				87B58DEF21FD69CF0053E26F /* LaunchScreen.storyboard */,
				87B58DF221FD69CF0053E26F /* Info.plist */,
			);
			path = lifecounter;
			sourceTree = "<group>";
		};
		87B58DFA21FD69CF0053E26F /* lifecounterTests */ = {
			isa = PBXGroup;
			children = (
				87B58DFB21FD69CF0053E26F /* lifecounterTests.swift */,
				87B58DFD21FD69CF0053E26F /* Info.plist */,
			);
			path = lifecounterTests;
			sourceTree = "<group>";
		};
		87B58E0521FD69CF0053E26F /* lifecounterUITests */ = {
			isa = PBXGroup;
			children = (
				87B58E0621FD69CF0053E26F /* lifecounterUITests.swift */,
				87B58E0821FD69CF0053E26F /* Info.plist */,
			);
			path = lifecounterUITests;
			sourceTree = "<group>";
		};
/* End PBXGroup section */

/* Begin PBXNativeTarget section */
		87B58DE221FD69CE0053E26F /* lifecounter */ = {
			isa = PBXNativeTarget;
			buildConfigurationList = 87B58E0B21FD69D00053E26F /* Build configuration list for PBXNativeTarget "lifecounter" */;
			buildPhases = (
				87B58DDF21FD69CE0053E26F /* Sources */,
				87B58DE021FD69CE0053E26F /* Frameworks */,
				87B58DE121FD69CE0053E26F /* Resources */,
			);
			buildRules = (
			);
			dependencies = (
			);
			name = lifecounter;
			productName = lifecounter;
			productReference = 87B58DE321FD69CE0053E26F /* lifecounter.app */;
			productType = "com.apple.product-type.application";
		};
		87B58DF621FD69CF0053E26F /* lifecounterTests */ = {
			isa = PBXNativeTarget;
			buildConfigurationList = 87B58E0E21FD69D00053E26F /* Build configuration list for PBXNativeTarget "lifecounterTests" */;
			buildPhases = (
				87B58DF321FD69CF0053E26F /* Sources */,
				87B58DF421FD69CF0053E26F /* Frameworks */,
				87B58DF521FD69CF0053E26F /* Resources */,
			);
			buildRules = (
			);
			dependencies = (
				87B58DF921FD69CF0053E26F /* PBXTargetDependency */,
			);
			name = lifecounterTests;
			productName = lifecounterTests;
			productReference = 87B58DF721FD69CF0053E26F /* lifecounterTests.xctest */;
			productType = "com.apple.product-type.bundle.unit-test";
		};
		87B58E0121FD69CF0053E26F /* lifecounterUITests */ = {
			isa = PBXNativeTarget;
			buildConfigurationList = 87B58E1121FD69D00053E26F /* Build configuration list for PBXNativeTarget "lifecounterUITests" */;
			buildPhases = (
				87B58DFE21FD69CF0053E26F /* Sources */,
				87B58DFF21FD69CF0053E26F /* Frameworks */,
				87B58E0021FD69CF0053E26F /* Resources */,
			);
			buildRules = (
			);
			dependencies = (
				87B58E0421FD69CF0053E26F /* PBXTargetDependency */,
			);
			name = lifecounterUITests;
			productName = lifecounterUITests;
			productReference = 87B58E0221FD69CF0053E26F /* lifecounterUITests.xctest */;
			productType = "com.apple.product-type.bundle.ui-testing";
		};
/* End PBXNativeTarget section */

/* Begin PBXProject section */
		87B58DDB21FD69CE0053E26F /* Project object */ = {
			isa = PBXProject;
			attributes = {
				LastSwiftUpdateCheck = 1010;
				LastUpgradeCheck = 1010;
				ORGANIZATIONNAME = "Keegan Hanes";
				TargetAttributes = {
					87B58DE221FD69CE0053E26F = {
						CreatedOnToolsVersion = 10.1;
					};
					87B58DF621FD69CF0053E26F = {
						CreatedOnToolsVersion = 10.1;
						TestTargetID = 87B58DE221FD69CE0053E26F;
					};
					87B58E0121FD69CF0053E26F = {
						CreatedOnToolsVersion = 10.1;
						TestTargetID = 87B58DE221FD69CE0053E26F;
					};
				};
			};
			buildConfigurationList = 87B58DDE21FD69CE0053E26F /* Build configuration list for PBXProject "lifecounter" */;
			compatibilityVersion = "Xcode 9.3";
			developmentRegion = en;
			hasScannedForEncodings = 0;
			knownRegions = (
				en,
				Base,
			);
			mainGroup = 87B58DDA21FD69CE0053E26F;
			productRefGroup = 87B58DE421FD69CE0053E26F /* Products */;
			projectDirPath = "";
			projectRoot = "";
			targets = (
				87B58DE221FD69CE0053E26F /* lifecounter */,
				87B58DF621FD69CF0053E26F /* lifecounterTests */,
				87B58E0121FD69CF0053E26F /* lifecounterUITests */,
			);
		};
/* End PBXProject section */

/* Begin PBXResourcesBuildPhase section */
		87B58DE121FD69CE0053E26F /* Resources */ = {
			isa = PBXResourcesBuildPhase;
			buildActionMask = 2147483647;
			files = (
				87B58DF121FD69CF0053E26F /* LaunchScreen.storyboard in Resources */,
				87B58DEE21FD69CF0053E26F /* Assets.xcassets in Resources */,
				87B58DEC21FD69CE0053E26F /* Main.storyboard in Resources */,
			);
			runOnlyForDeploymentPostprocessing = 0;
		};
		87B58DF521FD69CF0053E26F /* Resources */ = {
			isa = PBXResourcesBuildPhase;
			buildActionMask = 2147483647;
			files = (
			);
			runOnlyForDeploymentPostprocessing = 0;
		};
		87B58E0021FD69CF0053E26F /* Resources */ = {
			isa = PBXResourcesBuildPhase;
			buildActionMask = 2147483647;
			files = (
			);
			runOnlyForDeploymentPostprocessing = 0;
		};
/* End PBXResourcesBuildPhase section */

/* Begin PBXSourcesBuildPhase section */
		87B58DDF21FD69CE0053E26F /* Sources */ = {
			isa = PBXSourcesBuildPhase;
			buildActionMask = 2147483647;
			files = (
				87B58DE921FD69CE0053E26F /* ViewController.swift in Sources */,
				87B58DE721FD69CE0053E26F /* AppDelegate.swift in Sources */,
			);
			runOnlyForDeploymentPostprocessing = 0;
		};
		87B58DF321FD69CF0053E26F /* Sources */ = {
			isa = PBXSourcesBuildPhase;
			buildActionMask = 2147483647;
			files = (
				87B58DFC21FD69CF0053E26F /* lifecounterTests.swift in Sources */,
			);
			runOnlyForDeploymentPostprocessing = 0;
		};
		87B58DFE21FD69CF0053E26F /* Sources */ = {
			isa = PBXSourcesBuildPhase;
			buildActionMask = 2147483647;
			files = (
				87B58E0721FD69CF0053E26F /* lifecounterUITests.swift in Sources */,
			);
			runOnlyForDeploymentPostprocessing = 0;
		};
/* End PBXSourcesBuildPhase section */

/* Begin PBXTargetDependency section */
		87B58DF921FD69CF0053E26F /* PBXTargetDependency */ = {
			isa = PBXTargetDependency;
			target = 87B58DE221FD69CE0053E26F /* lifecounter */;
			targetProxy = 87B58DF821FD69CF0053E26F /* PBXContainerItemProxy */;
		};
		87B58E0421FD69CF0053E26F /* PBXTargetDependency */ = {
			isa = PBXTargetDependency;
			target = 87B58DE221FD69CE0053E26F /* lifecounter */;
			targetProxy = 87B58E0321FD69CF0053E26F /* PBXContainerItemProxy */;
		};
/* End PBXTargetDependency section */

/* Begin PBXVariantGroup section */
		87B58DEA21FD69CE0053E26F /* Main.storyboard */ = {
			isa = PBXVariantGroup;
			children = (
				87B58DEB21FD69CE0053E26F /* Base */,
			);
			name = Main.storyboard;
			sourceTree = "<group>";
		};
		87B58DEF21FD69CF0053E26F /* LaunchScreen.storyboard */ = {
			isa = PBXVariantGroup;
			children = (
				87B58DF021FD69CF0053E26F /* Base */,
			);
			name = LaunchScreen.storyboard;
			sourceTree = "<group>";
		};
/* End PBXVariantGroup section */

/* Begin XCBuildConfiguration section */
		87B58E0921FD69D00053E26F /* Debug */ = {
			isa = XCBuildConfiguration;
			buildSettings = {
				ALWAYS_SEARCH_USER_PATHS = NO;
				CLANG_ANALYZER_NONNULL = YES;
				CLANG_ANALYZER_NUMBER_OBJECT_CONVERSION = YES_AGGRESSIVE;
				CLANG_CXX_LANGUAGE_STANDARD = "gnu++14";
				CLANG_CXX_LIBRARY = "libc++";
				CLANG_ENABLE_MODULES = YES;
				CLANG_ENABLE_OBJC_ARC = YES;
				CLANG_ENABLE_OBJC_WEAK = YES;
				CLANG_WARN_BLOCK_CAPTURE_AUTORELEASING = YES;
				CLANG_WARN_BOOL_CONVERSION = YES;
				CLANG_WARN_COMMA = YES;
				CLANG_WARN_CONSTANT_CONVERSION = YES;
				CLANG_WARN_DEPRECATED_OBJC_IMPLEMENTATIONS = YES;
				CLANG_WARN_DIRECT_OBJC_ISA_USAGE = YES_ERROR;
				CLANG_WARN_DOCUMENTATION_COMMENTS = YES;
				CLANG_WARN_EMPTY_BODY = YES;
				CLANG_WARN_ENUM_CONVERSION = YES;
				CLANG_WARN_INFINITE_RECURSION = YES;
				CLANG_WARN_INT_CONVERSION = YES;
				CLANG_WARN_NON_LITERAL_NULL_CONVERSION = YES;
				CLANG_WARN_OBJC_IMPLICIT_RETAIN_SELF = YES;
				CLANG_WARN_OBJC_LITERAL_CONVERSION = YES;
				CLANG_WARN_OBJC_ROOT_CLASS = YES_ERROR;
				CLANG_WARN_RANGE_LOOP_ANALYSIS = YES;
				CLANG_WARN_STRICT_PROTOTYPES = YES;
				CLANG_WARN_SUSPICIOUS_MOVE = YES;
				CLANG_WARN_UNGUARDED_AVAILABILITY = YES_AGGRESSIVE;
				CLANG_WARN_UNREACHABLE_CODE = YES;
				CLANG_WARN__DUPLICATE_METHOD_MATCH = YES;
				CODE_SIGN_IDENTITY = "iPhone Developer";
				COPY_PHASE_STRIP = NO;
				DEBUG_INFORMATION_FORMAT = dwarf;
				ENABLE_STRICT_OBJC_MSGSEND = YES;
				ENABLE_TESTABILITY = YES;
				GCC_C_LANGUAGE_STANDARD = gnu11;
				GCC_DYNAMIC_NO_PIC = NO;
				GCC_NO_COMMON_BLOCKS = YES;
				GCC_OPTIMIZATION_LEVEL = 0;
				GCC_PREPROCESSOR_DEFINITIONS = (
					"DEBUG=1",
					"$(inherited)",
				);
				GCC_WARN_64_TO_32_BIT_CONVERSION = YES;
				GCC_WARN_ABOUT_RETURN_TYPE = YES_ERROR;
				GCC_WARN_UNDECLARED_SELECTOR = YES;
				GCC_WARN_UNINITIALIZED_AUTOS = YES_AGGRESSIVE;
				GCC_WARN_UNUSED_FUNCTION = YES;
				GCC_WARN_UNUSED_VARIABLE = YES;
				IPHONEOS_DEPLOYMENT_TARGET = 12.1;
				MTL_ENABLE_DEBUG_INFO = INCLUDE_SOURCE;
				MTL_FAST_MATH = YES;
				ONLY_ACTIVE_ARCH = YES;
				SDKROOT = iphoneos;
				SWIFT_ACTIVE_COMPILATION_CONDITIONS = DEBUG;
				SWIFT_OPTIMIZATION_LEVEL = "-Onone";
			};
			name = Debug;
		};
		87B58E0A21FD69D00053E26F /* Release */ = {
			isa = XCBuildConfiguration;
			buildSettings = {
				ALWAYS_SEARCH_USER_PATHS = NO;
				CLANG_ANALYZER_NONNULL = YES;
				CLANG_ANALYZER_NUMBER_OBJECT_CONVERSION = YES_AGGRESSIVE;
				CLANG_CXX_LANGUAGE_STANDARD = "gnu++14";
				CLANG_CXX_LIBRARY = "libc++";
				CLANG_ENABLE_MODULES = YES;
				CLANG_ENABLE_OBJC_ARC = YES;
				CLANG_ENABLE_OBJC_WEAK = YES;
				CLANG_WARN_BLOCK_CAPTURE_AUTORELEASING = YES;
				CLANG_WARN_BOOL_CONVERSION = YES;
				CLANG_WARN_COMMA = YES;
				CLANG_WARN_CONSTANT_CONVERSION = YES;
				CLANG_WARN_DEPRECATED_OBJC_IMPLEMENTATIONS = YES;
				CLANG_WARN_DIRECT_OBJC_ISA_USAGE = YES_ERROR;
				CLANG_WARN_DOCUMENTATION_COMMENTS = YES;
				CLANG_WARN_EMPTY_BODY = YES;
				CLANG_WARN_ENUM_CONVERSION = YES;
				CLANG_WARN_INFINITE_RECURSION = YES;
				CLANG_WARN_INT_CONVERSION = YES;
				CLANG_WARN_NON_LITERAL_NULL_CONVERSION = YES;
				CLANG_WARN_OBJC_IMPLICIT_RETAIN_SELF = YES;
				CLANG_WARN_OBJC_LITERAL_CONVERSION = YES;
				CLANG_WARN_OBJC_ROOT_CLASS = YES_ERROR;
				CLANG_WARN_RANGE_LOOP_ANALYSIS = YES;
				CLANG_WARN_STRICT_PROTOTYPES = YES;
				CLANG_WARN_SUSPICIOUS_MOVE = YES;
				CLANG_WARN_UNGUARDED_AVAILABILITY = YES_AGGRESSIVE;
				CLANG_WARN_UNREACHABLE_CODE = YES;
				CLANG_WARN__DUPLICATE_METHOD_MATCH = YES;
				CODE_SIGN_IDENTITY = "iPhone Developer";
				COPY_PHASE_STRIP = NO;
				DEBUG_INFORMATION_FORMAT = "dwarf-with-dsym";
				ENABLE_NS_ASSERTIONS = NO;
				ENABLE_STRICT_OBJC_MSGSEND = YES;
				GCC_C_LANGUAGE_STANDARD = gnu11;
				GCC_NO_COMMON_BLOCKS = YES;
				GCC_WARN_64_TO_32_BIT_CONVERSION = YES;
				GCC_WARN_ABOUT_RETURN_TYPE = YES_ERROR;
				GCC_WARN_UNDECLARED_SELECTOR = YES;
				GCC_WARN_UNINITIALIZED_AUTOS = YES_AGGRESSIVE;
				GCC_WARN_UNUSED_FUNCTION = YES;
				GCC_WARN_UNUSED_VARIABLE = YES;
				IPHONEOS_DEPLOYMENT_TARGET = 12.1;
				MTL_ENABLE_DEBUG_INFO = NO;
				MTL_FAST_MATH = YES;
				SDKROOT = iphoneos;
				SWIFT_COMPILATION_MODE = wholemodule;
				SWIFT_OPTIMIZATION_LEVEL = "-O";
				VALIDATE_PRODUCT = YES;
			};
			name = Release;
		};
		87B58E0C21FD69D00053E26F /* Debug */ = {
			isa = XCBuildConfiguration;
			buildSettings = {
				ASSETCATALOG_COMPILER_APPICON_NAME = AppIcon;
				CODE_SIGN_STYLE = Automatic;
				DEVELOPMENT_TEAM = 92FZ2QG34X;
				INFOPLIST_FILE = lifecounter/Info.plist;
				LD_RUNPATH_SEARCH_PATHS = (
					"$(inherited)",
					"@executable_path/Frameworks",
				);
				PRODUCT_BUNDLE_IDENTIFIER = edu.washington.khanes4.lifecounter;
				PRODUCT_NAME = "$(TARGET_NAME)";
				SWIFT_VERSION = 4.2;
				TARGETED_DEVICE_FAMILY = "1,2";
			};
			name = Debug;
		};
		87B58E0D21FD69D00053E26F /* Release */ = {
			isa = XCBuildConfiguration;
			buildSettings = {
				ASSETCATALOG_COMPILER_APPICON_NAME = AppIcon;
				CODE_SIGN_STYLE = Automatic;
				DEVELOPMENT_TEAM = 92FZ2QG34X;
				INFOPLIST_FILE = lifecounter/Info.plist;
				LD_RUNPATH_SEARCH_PATHS = (
					"$(inherited)",
					"@executable_path/Frameworks",
				);
				PRODUCT_BUNDLE_IDENTIFIER = edu.washington.khanes4.lifecounter;
				PRODUCT_NAME = "$(TARGET_NAME)";
				SWIFT_VERSION = 4.2;
				TARGETED_DEVICE_FAMILY = "1,2";
			};
			name = Release;
		};
		87B58E0F21FD69D00053E26F /* Debug */ = {
			isa = XCBuildConfiguration;
			buildSettings = {
				ALWAYS_EMBED_SWIFT_STANDARD_LIBRARIES = YES;
				BUNDLE_LOADER = "$(TEST_HOST)";
				CODE_SIGN_STYLE = Automatic;
				DEVELOPMENT_TEAM = 92FZ2QG34X;
				INFOPLIST_FILE = lifecounterTests/Info.plist;
				LD_RUNPATH_SEARCH_PATHS = (
					"$(inherited)",
					"@executable_path/Frameworks",
					"@loader_path/Frameworks",
				);
				PRODUCT_BUNDLE_IDENTIFIER = keeganhanes.lifecounterTests;
				PRODUCT_NAME = "$(TARGET_NAME)";
				SWIFT_VERSION = 4.2;
				TARGETED_DEVICE_FAMILY = "1,2";
				TEST_HOST = "$(BUILT_PRODUCTS_DIR)/lifecounter.app/lifecounter";
			};
			name = Debug;
		};
		87B58E1021FD69D00053E26F /* Release */ = {
			isa = XCBuildConfiguration;
			buildSettings = {
				ALWAYS_EMBED_SWIFT_STANDARD_LIBRARIES = YES;
				BUNDLE_LOADER = "$(TEST_HOST)";
				CODE_SIGN_STYLE = Automatic;
				DEVELOPMENT_TEAM = 92FZ2QG34X;
				INFOPLIST_FILE = lifecounterTests/Info.plist;
				LD_RUNPATH_SEARCH_PATHS = (
					"$(inherited)",
					"@executable_path/Frameworks",
					"@loader_path/Frameworks",
				);
				PRODUCT_BUNDLE_IDENTIFIER = keeganhanes.lifecounterTests;
				PRODUCT_NAME = "$(TARGET_NAME)";
				SWIFT_VERSION = 4.2;
				TARGETED_DEVICE_FAMILY = "1,2";
				TEST_HOST = "$(BUILT_PRODUCTS_DIR)/lifecounter.app/lifecounter";
			};
			name = Release;
		};
		87B58E1221FD69D00053E26F /* Debug */ = {
			isa = XCBuildConfiguration;
			buildSettings = {
				ALWAYS_EMBED_SWIFT_STANDARD_LIBRARIES = YES;
				CODE_SIGN_STYLE = Automatic;
				DEVELOPMENT_TEAM = 92FZ2QG34X;
				INFOPLIST_FILE = lifecounterUITests/Info.plist;
				LD_RUNPATH_SEARCH_PATHS = (
					"$(inherited)",
					"@executable_path/Frameworks",
					"@loader_path/Frameworks",
				);
				PRODUCT_BUNDLE_IDENTIFIER = keeganhanes.lifecounterUITests;
				PRODUCT_NAME = "$(TARGET_NAME)";
				SWIFT_VERSION = 4.2;
				TARGETED_DEVICE_FAMILY = "1,2";
				TEST_TARGET_NAME = lifecounter;
			};
			name = Debug;
		};
		87B58E1321FD69D00053E26F /* Release */ = {
			isa = XCBuildConfiguration;
			buildSettings = {
				ALWAYS_EMBED_SWIFT_STANDARD_LIBRARIES = YES;
				CODE_SIGN_STYLE = Automatic;
				DEVELOPMENT_TEAM = 92FZ2QG34X;
				INFOPLIST_FILE = lifecounterUITests/Info.plist;
				LD_RUNPATH_SEARCH_PATHS = (
					"$(inherited)",
					"@executable_path/Frameworks",
					"@loader_path/Frameworks",
				);
				PRODUCT_BUNDLE_IDENTIFIER = keeganhanes.lifecounterUITests;
				PRODUCT_NAME = "$(TARGET_NAME)";
				SWIFT_VERSION = 4.2;
				TARGETED_DEVICE_FAMILY = "1,2";
				TEST_TARGET_NAME = lifecounter;
			};
			name = Release;
		};
/* End XCBuildConfiguration section */

/* Begin XCConfigurationList section */
		87B58DDE21FD69CE0053E26F /* Build configuration list for PBXProject "lifecounter" */ = {
			isa = XCConfigurationList;
			buildConfigurations = (
				87B58E0921FD69D00053E26F /* Debug */,
				87B58E0A21FD69D00053E26F /* Release */,
			);
			defaultConfigurationIsVisible = 0;
			defaultConfigurationName = Release;
		};
		87B58E0B21FD69D00053E26F /* Build configuration list for PBXNativeTarget "lifecounter" */ = {
			isa = XCConfigurationList;
			buildConfigurations = (
				87B58E0C21FD69D00053E26F /* Debug */,
				87B58E0D21FD69D00053E26F /* Release */,
			);
			defaultConfigurationIsVisible = 0;
			defaultConfigurationName = Release;
		};
		87B58E0E21FD69D00053E26F /* Build configuration list for PBXNativeTarget "lifecounterTests" */ = {
			isa = XCConfigurationList;
			buildConfigurations = (
				87B58E0F21FD69D00053E26F /* Debug */,
				87B58E1021FD69D00053E26F /* Release */,
			);
			defaultConfigurationIsVisible = 0;
			defaultConfigurationName = Release;
		};
		87B58E1121FD69D00053E26F /* Build configuration list for PBXNativeTarget "lifecounterUITests" */ = {
			isa = XCConfigurationList;
			buildConfigurations = (
				87B58E1221FD69D00053E26F /* Debug */,
				87B58E1321FD69D00053E26F /* Release */,
			);
			defaultConfigurationIsVisible = 0;
			defaultConfigurationName = Release;
		};
/* End XCConfigurationList section */
	};
	rootObject = 87B58DDB21FD69CE0053E26F /* Project object */;
}
